
Microsoft Visual Studio Solution File, Format Version 12.00
# Visual Studio 15
VisualStudioVersion = 15.0.28010.2048
MinimumVisualStudioVersion = 10.0.40219.1
Project("{E53339B2-1760-4266-BCC7-CA923CBCF16C}") = "docker-compose", "docker-compose.dcproj", "{0B63E7AD-EF52-413E-AB0A-08E940832854}"
EndProject
Project("{FAE04EC0-301F-11D3-BF4B-00C04F79EFBC}") = "Riwo.Rimote.SocketCan", "Riwo.Rimote.SocketCan\Riwo.Rimote.SocketCan.csproj", "{38818F42-BAD9-4715-BC8A-2390EE31CDA8}"
EndProject
Project("{FAE04EC0-301F-11D3-BF4B-00C04F79EFBC}") = "Riwo.Rimote.VirtualCan", "Riwo.Rimote.VirtualCan\Riwo.Rimote.VirtualCan.csproj", "{977CF64D-A38F-47A7-B103-D9BC1BC2C40F}"
EndProject
Project("{FAE04EC0-301F-11D3-BF4B-00C04F79EFBC}") = "Riwo.Rimote.Example", "Riwo.Rimote.Example\Riwo.Rimote.Example.csproj", "{03D1E285-5F06-4913-B733-B69DF2750C77}"
EndProject
Project("{FAE04EC0-301F-11D3-BF4B-00C04F79EFBC}") = "Riwo.Common.Unix", "Riwo.Common.Unix\Riwo.Common.Unix.csproj", "{8AEB8682-B784-4C6D-BBAD-9CF8530062A1}"
EndProject
Global
	GlobalSection(SolutionConfigurationPlatforms) = preSolution
		Debug|Any CPU = Debug|Any CPU
		Release|Any CPU = Release|Any CPU
	EndGlobalSection
	GlobalSection(ProjectConfigurationPlatforms) = postSolution
		{0B63E7AD-EF52-413E-AB0A-08E940832854}.Debug|Any CPU.ActiveCfg = Debug|Any CPU
		{0B63E7AD-EF52-413E-AB0A-08E940832854}.Debug|Any CPU.Build.0 = Debug|Any CPU
		{0B63E7AD-EF52-413E-AB0A-08E940832854}.Release|Any CPU.ActiveCfg = Release|Any CPU
		{0B63E7AD-EF52-413E-AB0A-08E940832854}.Release|Any CPU.Build.0 = Release|Any CPU
		{38818F42-BAD9-4715-BC8A-2390EE31CDA8}.Debug|Any CPU.ActiveCfg = Debug|Any CPU
		{38818F42-BAD9-4715-BC8A-2390EE31CDA8}.Debug|Any CPU.Build.0 = Debug|Any CPU
		{38818F42-BAD9-4715-BC8A-2390EE31CDA8}.Release|Any CPU.ActiveCfg = Release|Any CPU
		{38818F42-BAD9-4715-BC8A-2390EE31CDA8}.Release|Any CPU.Build.0 = Release|Any CPU
		{977CF64D-A38F-47A7-B103-D9BC1BC2C40F}.Debug|Any CPU.ActiveCfg = Debug|Any CPU
		{977CF64D-A38F-47A7-B103-D9BC1BC2C40F}.Debug|Any CPU.Build.0 = Debug|Any CPU
		{977CF64D-A38F-47A7-B103-D9BC1BC2C40F}.Release|Any CPU.ActiveCfg = Release|Any CPU
		{977CF64D-A38F-47A7-B103-D9BC1BC2C40F}.Release|Any CPU.Build.0 = Release|Any CPU
		{03D1E285-5F06-4913-B733-B69DF2750C77}.Debug|Any CPU.ActiveCfg = Debug|Any CPU
		{03D1E285-5F06-4913-B733-B69DF2750C77}.Debug|Any CPU.Build.0 = Debug|Any CPU
		{03D1E285-5F06-4913-B733-B69DF2750C77}.Release|Any CPU.ActiveCfg = Release|Any CPU
		{03D1E285-5F06-4913-B733-B69DF2750C77}.Release|Any CPU.Build.0 = Release|Any CPU
		{8AEB8682-B784-4C6D-BBAD-9CF8530062A1}.Debug|Any CPU.ActiveCfg = Debug|Any CPU
		{8AEB8682-B784-4C6D-BBAD-9CF8530062A1}.Debug|Any CPU.Build.0 = Debug|Any CPU
		{8AEB8682-B784-4C6D-BBAD-9CF8530062A1}.Release|Any CPU.ActiveCfg = Release|Any CPU
		{8AEB8682-B784-4C6D-BBAD-9CF8530062A1}.Release|Any CPU.Build.0 = Release|Any CPU
	EndGlobalSection
	GlobalSection(SolutionProperties) = preSolution
		HideSolutionNode = FALSE
	EndGlobalSection
	GlobalSection(ExtensibilityGlobals) = postSolution
		SolutionGuid = {7221E928-5F13-4F00-A110-E4322147DD8A}
	EndGlobalSection
EndGlobal
